<?xml version="1.0" encoding="utf-8"?>
<Project ToolsVersion="4.0" xmlns="http://schemas.microsoft.com/developer/msbuild/2003">
  <ItemGroup>
    <Filter Include="bits">
      <UniqueIdentifier>{671db06b-d5ef-4c58-b1be-84132884515d}</UniqueIdentifier>
    </Filter>
  </ItemGroup>
  <ItemGroup>
    <ClCompile Include="Main.cpp" />
    <ClCompile Include="Problems\EducationalDP.cpp" />
    <ClCompile Include="Problems\ABC173.cpp" />
  </ItemGroup>
  <ItemGroup>
    <ClInclude Include="bits\stdc++.h">
      <Filter>bits</Filter>
    </ClInclude>
    <ClInclude Include="AtCoderLib.h" />
  </ItemGroup>
</Project>